
Microsoft Visual Studio Solution File, Format Version 12.00
# Visual Studio Version 17
VisualStudioVersion = 17.12.35514.174
MinimumVisualStudioVersion = 10.0.40219.1
Project("{FAE04EC0-301F-11D3-BF4B-00C04F79EFBC}") = "FileUploadWithMqtt", "MqttFileUploader\FileUploadWithMqtt.csproj", "{D9FF55C7-E0C3-445F-8650-8D233FA167BA}"
EndProject
Project("{FAE04EC0-301F-11D3-BF4B-00C04F79EFBC}") = "FileUploadWithMqtt.Desktop", "MqttFileUploader.Desktop\FileUploadWithMqtt.Desktop.csproj", "{D81A498D-080B-4D5B-9CFF-DCFC1B3F8A76}"
EndProject
Project("{2150E333-8FDC-42A3-9474-1A3956D46DE8}") = "FileDownloadSample", "FileDownloadSample", "{D0DEFBF4-272C-45A7-9ED4-B144D653BB28}"
EndProject
Project("{FAE04EC0-301F-11D3-BF4B-00C04F79EFBC}") = "FileDownloadWithMqtt", "MqttFileDownloader\FileDownloadWithMqtt.csproj", "{401C093F-2F66-4417-807D-712F9F0398BE}"
EndProject
Project("{FAE04EC0-301F-11D3-BF4B-00C04F79EFBC}") = "FileDownloadWithMqtt.Desktop", "MqttFileDownloader.Desktop\FileDownloadWithMqtt.Desktop.csproj", "{3B9B6864-1D2D-483B-9756-7D36015EC88C}"
EndProject
Project("{2150E333-8FDC-42A3-9474-1A3956D46DE8}") = "FileUploader", "FileUploader", "{EFDDE352-FE70-405F-9A52-58B3FCDFDF7B}"
EndProject
Project("{FAE04EC0-301F-11D3-BF4B-00C04F79EFBC}") = "MqttFileExchanger", "MqttFileUploaderLib\MqttFileExchanger.csproj", "{E1279DBC-B38B-4981-AD43-AAFF7AE7E54B}"
EndProject
Project("{2150E333-8FDC-42A3-9474-1A3956D46DE8}") = "Reconnecting", "Reconnecting", "{E9BCA426-A769-4EEB-8C03-EA6E9EF3BEF0}"
EndProject
Project("{FAE04EC0-301F-11D3-BF4B-00C04F79EFBC}") = "ReconnectPublisherMqtt", "ReconnectPublisherMqtt\ReconnectPublisherMqtt.csproj", "{E4D22989-7D89-451F-B1CD-D544A931FF01}"
EndProject
Project("{FAE04EC0-301F-11D3-BF4B-00C04F79EFBC}") = "ReconnectPublisherMqtt.Desktop", "ReconnectPublisherMqtt.Desktop\ReconnectPublisherMqtt.Desktop.csproj", "{41B6DC7A-AF42-4AF2-A57A-4B7D82E85499}"
EndProject
Project("{FAE04EC0-301F-11D3-BF4B-00C04F79EFBC}") = "ReconnectSubscriberMqtt", "ReconnectSubscriberMqtt\ReconnectSubscriberMqtt.csproj", "{F9712DED-221B-4EC9-9B6B-AB147C2054BD}"
EndProject
Project("{FAE04EC0-301F-11D3-BF4B-00C04F79EFBC}") = "ReconnectSubscriberMqtt.Desktop", "ReconnectSubscriberMqtt.Desktop\ReconnectSubscriberMqtt.Desktop.csproj", "{1F1719DB-EE8F-469E-BA7E-5F3018B64304}"
EndProject
Project("{FAE04EC0-301F-11D3-BF4B-00C04F79EFBC}") = "ReconnectMqttClient", "ReconnectMqttClient\ReconnectMqttClient.csproj", "{C8F5F004-BDBF-4F18-8DB5-45B298B7DAEB}"
EndProject
Project("{2150E333-8FDC-42A3-9474-1A3956D46DE8}") = "SeveralTopics", "SeveralTopics", "{91DD5E0E-C224-44C8-B68D-772200028284}"
EndProject
Project("{FAE04EC0-301F-11D3-BF4B-00C04F79EFBC}") = "WithSeveralTopics", "WithSeveralTopics\WithSeveralTopics.csproj", "{98FC7865-CFD1-4438-8554-A337141F5F12}"
EndProject
Project("{FAE04EC0-301F-11D3-BF4B-00C04F79EFBC}") = "WithSeveralTopics.Desktop", "WithSeveralTopics.Desktop\WithSeveralTopics.Desktop.csproj", "{8DFB766B-6A3C-42B9-A822-5766F34695ED}"
EndProject
Global
	GlobalSection(SolutionConfigurationPlatforms) = preSolution
		Debug|Any CPU = Debug|Any CPU
		Release|Any CPU = Release|Any CPU
	EndGlobalSection
	GlobalSection(ProjectConfigurationPlatforms) = postSolution
		{D9FF55C7-E0C3-445F-8650-8D233FA167BA}.Debug|Any CPU.ActiveCfg = Debug|Any CPU
		{D9FF55C7-E0C3-445F-8650-8D233FA167BA}.Debug|Any CPU.Build.0 = Debug|Any CPU
		{D9FF55C7-E0C3-445F-8650-8D233FA167BA}.Release|Any CPU.ActiveCfg = Release|Any CPU
		{D9FF55C7-E0C3-445F-8650-8D233FA167BA}.Release|Any CPU.Build.0 = Release|Any CPU
		{D81A498D-080B-4D5B-9CFF-DCFC1B3F8A76}.Debug|Any CPU.ActiveCfg = Debug|Any CPU
		{D81A498D-080B-4D5B-9CFF-DCFC1B3F8A76}.Debug|Any CPU.Build.0 = Debug|Any CPU
		{D81A498D-080B-4D5B-9CFF-DCFC1B3F8A76}.Release|Any CPU.ActiveCfg = Release|Any CPU
		{D81A498D-080B-4D5B-9CFF-DCFC1B3F8A76}.Release|Any CPU.Build.0 = Release|Any CPU
		{401C093F-2F66-4417-807D-712F9F0398BE}.Debug|Any CPU.ActiveCfg = Debug|Any CPU
		{401C093F-2F66-4417-807D-712F9F0398BE}.Debug|Any CPU.Build.0 = Debug|Any CPU
		{401C093F-2F66-4417-807D-712F9F0398BE}.Release|Any CPU.ActiveCfg = Release|Any CPU
		{401C093F-2F66-4417-807D-712F9F0398BE}.Release|Any CPU.Build.0 = Release|Any CPU
		{3B9B6864-1D2D-483B-9756-7D36015EC88C}.Debug|Any CPU.ActiveCfg = Debug|Any CPU
		{3B9B6864-1D2D-483B-9756-7D36015EC88C}.Debug|Any CPU.Build.0 = Debug|Any CPU
		{3B9B6864-1D2D-483B-9756-7D36015EC88C}.Release|Any CPU.ActiveCfg = Release|Any CPU
		{3B9B6864-1D2D-483B-9756-7D36015EC88C}.Release|Any CPU.Build.0 = Release|Any CPU
		{E1279DBC-B38B-4981-AD43-AAFF7AE7E54B}.Debug|Any CPU.ActiveCfg = Debug|Any CPU
		{E1279DBC-B38B-4981-AD43-AAFF7AE7E54B}.Debug|Any CPU.Build.0 = Debug|Any CPU
		{E1279DBC-B38B-4981-AD43-AAFF7AE7E54B}.Release|Any CPU.ActiveCfg = Release|Any CPU
		{E1279DBC-B38B-4981-AD43-AAFF7AE7E54B}.Release|Any CPU.Build.0 = Release|Any CPU
		{E4D22989-7D89-451F-B1CD-D544A931FF01}.Debug|Any CPU.ActiveCfg = Debug|Any CPU
		{E4D22989-7D89-451F-B1CD-D544A931FF01}.Debug|Any CPU.Build.0 = Debug|Any CPU
		{E4D22989-7D89-451F-B1CD-D544A931FF01}.Release|Any CPU.ActiveCfg = Release|Any CPU
		{E4D22989-7D89-451F-B1CD-D544A931FF01}.Release|Any CPU.Build.0 = Release|Any CPU
		{41B6DC7A-AF42-4AF2-A57A-4B7D82E85499}.Debug|Any CPU.ActiveCfg = Debug|Any CPU
		{41B6DC7A-AF42-4AF2-A57A-4B7D82E85499}.Debug|Any CPU.Build.0 = Debug|Any CPU
		{41B6DC7A-AF42-4AF2-A57A-4B7D82E85499}.Release|Any CPU.ActiveCfg = Release|Any CPU
		{41B6DC7A-AF42-4AF2-A57A-4B7D82E85499}.Release|Any CPU.Build.0 = Release|Any CPU
		{F9712DED-221B-4EC9-9B6B-AB147C2054BD}.Debug|Any CPU.ActiveCfg = Debug|Any CPU
		{F9712DED-221B-4EC9-9B6B-AB147C2054BD}.Debug|Any CPU.Build.0 = Debug|Any CPU
		{F9712DED-221B-4EC9-9B6B-AB147C2054BD}.Release|Any CPU.ActiveCfg = Release|Any CPU
		{F9712DED-221B-4EC9-9B6B-AB147C2054BD}.Release|Any CPU.Build.0 = Release|Any CPU
		{1F1719DB-EE8F-469E-BA7E-5F3018B64304}.Debug|Any CPU.ActiveCfg = Debug|Any CPU
		{1F1719DB-EE8F-469E-BA7E-5F3018B64304}.Debug|Any CPU.Build.0 = Debug|Any CPU
		{1F1719DB-EE8F-469E-BA7E-5F3018B64304}.Release|Any CPU.ActiveCfg = Release|Any CPU
		{1F1719DB-EE8F-469E-BA7E-5F3018B64304}.Release|Any CPU.Build.0 = Release|Any CPU
		{C8F5F004-BDBF-4F18-8DB5-45B298B7DAEB}.Debug|Any CPU.ActiveCfg = Debug|Any CPU
		{C8F5F004-BDBF-4F18-8DB5-45B298B7DAEB}.Debug|Any CPU.Build.0 = Debug|Any CPU
		{C8F5F004-BDBF-4F18-8DB5-45B298B7DAEB}.Release|Any CPU.ActiveCfg = Release|Any CPU
		{C8F5F004-BDBF-4F18-8DB5-45B298B7DAEB}.Release|Any CPU.Build.0 = Release|Any CPU
		{98FC7865-CFD1-4438-8554-A337141F5F12}.Debug|Any CPU.ActiveCfg = Debug|Any CPU
		{98FC7865-CFD1-4438-8554-A337141F5F12}.Debug|Any CPU.Build.0 = Debug|Any CPU
		{98FC7865-CFD1-4438-8554-A337141F5F12}.Release|Any CPU.ActiveCfg = Release|Any CPU
		{98FC7865-CFD1-4438-8554-A337141F5F12}.Release|Any CPU.Build.0 = Release|Any CPU
		{8DFB766B-6A3C-42B9-A822-5766F34695ED}.Debug|Any CPU.ActiveCfg = Debug|Any CPU
		{8DFB766B-6A3C-42B9-A822-5766F34695ED}.Debug|Any CPU.Build.0 = Debug|Any CPU
		{8DFB766B-6A3C-42B9-A822-5766F34695ED}.Release|Any CPU.ActiveCfg = Release|Any CPU
		{8DFB766B-6A3C-42B9-A822-5766F34695ED}.Release|Any CPU.Build.0 = Release|Any CPU
	EndGlobalSection
	GlobalSection(SolutionProperties) = preSolution
		HideSolutionNode = FALSE
	EndGlobalSection
	GlobalSection(NestedProjects) = preSolution
		{D9FF55C7-E0C3-445F-8650-8D233FA167BA} = {D0DEFBF4-272C-45A7-9ED4-B144D653BB28}
		{D81A498D-080B-4D5B-9CFF-DCFC1B3F8A76} = {D0DEFBF4-272C-45A7-9ED4-B144D653BB28}
		{401C093F-2F66-4417-807D-712F9F0398BE} = {D0DEFBF4-272C-45A7-9ED4-B144D653BB28}
		{3B9B6864-1D2D-483B-9756-7D36015EC88C} = {D0DEFBF4-272C-45A7-9ED4-B144D653BB28}
		{E1279DBC-B38B-4981-AD43-AAFF7AE7E54B} = {EFDDE352-FE70-405F-9A52-58B3FCDFDF7B}
		{E4D22989-7D89-451F-B1CD-D544A931FF01} = {E9BCA426-A769-4EEB-8C03-EA6E9EF3BEF0}
		{41B6DC7A-AF42-4AF2-A57A-4B7D82E85499} = {E9BCA426-A769-4EEB-8C03-EA6E9EF3BEF0}
		{F9712DED-221B-4EC9-9B6B-AB147C2054BD} = {E9BCA426-A769-4EEB-8C03-EA6E9EF3BEF0}
		{1F1719DB-EE8F-469E-BA7E-5F3018B64304} = {E9BCA426-A769-4EEB-8C03-EA6E9EF3BEF0}
		{C8F5F004-BDBF-4F18-8DB5-45B298B7DAEB} = {E9BCA426-A769-4EEB-8C03-EA6E9EF3BEF0}
		{98FC7865-CFD1-4438-8554-A337141F5F12} = {91DD5E0E-C224-44C8-B68D-772200028284}
		{8DFB766B-6A3C-42B9-A822-5766F34695ED} = {91DD5E0E-C224-44C8-B68D-772200028284}
	EndGlobalSection
EndGlobal
